{
  "name": "castle_002",
  "version": "1.0.0",
  "lockfileVersion": 3,
  "requires": true,
  "packages": {
    "": {
      "name": "castle_002",
      "version": "1.0.0",
      "license": "ISC",
      "dependencies": {
        "jolt-physics": "^1.1.0",
        "three": "^0.185.1"
      }
    },
    "node_modules/jolt-physics": {
      "version": "1.1.0",
      "resolved": "https://registry.npmjs.org/jolt-physics/-/jolt-physics-1.1.0.tgz",
      "integrity": "sha512-Erl+X0yK2f9/8Wrl55Nb2y9FYS5xDx375EabnHq+TbSDYEuPZBLvpaLV4nbc1M5gyA5Llbug81wSj1zSMRUr7Q==",
      "license": "MIT"
    },
    "node_modules/three": {
      "version": "0.185.1",
      "resolved": "https://registry.npmjs.org/three/-/three-0.185.1.tgz",
      "integrity": "sha512-5aojFCXKwnjBRZvUnt3WFfEcvUJgkN5LlijRFN95hMy8WVkG4I0QNcJE+OuWvuJ0bOdStrbfXn0pkd6/QyiAlg==",
      "license": "MIT"
    }
  }
}
